speakeasyVersion: 1.554.1
sources:
    FlowAI-OAS:
        sourceNamespace: flow-ai-oas
        sourceRevisionDigest: sha256:4f50286ccd90d1ea7afb497c6db8ceae0bbe52e28614138b3d58c36dbfda4b2d
        sourceBlobDigest: sha256:d011ce551b1a9bd61451a1dd330d5eb14acd1b3b4b585780906dc896e49a9464
        tags:
            - latest
            - 0.1.0
targets:
    flow-ai:
        source: FlowAI-OAS
        sourceNamespace: flow-ai-oas
        sourceRevisionDigest: sha256:4f50286ccd90d1ea7afb497c6db8ceae0bbe52e28614138b3d58c36dbfda4b2d
        sourceBlobDigest: sha256:d011ce551b1a9bd61451a1dd330d5eb14acd1b3b4b585780906dc896e49a9464
        codeSamplesNamespace: flow-ai-oas-go-code-samples
        codeSamplesRevisionDigest: sha256:ab71eb60e615a4e13b449ddf59cf36622670efb9180b0cddcef1f6edd232a9cb
workflow:
    workflowVersion: 1.0.0
    speakeasyVersion: latest
    sources:
        FlowAI-OAS:
            inputs:
                - location: registry.speakeasyapi.dev/flow-ai/main/server:main
            overlays:
                - location: .speakeasy/speakeasy-modifications-overlay.yaml
            registry:
                location: registry.speakeasyapi.dev/flow-ai/main/flow-ai-oas
    targets:
        flow-ai:
            target: go
            source: FlowAI-OAS
            codeSamples:
                registry:
                    location: registry.speakeasyapi.dev/flow-ai/main/flow-ai-oas-go-code-samples
                labelOverride:
                    fixedValue: Go (SDK)
                blocking: false
