speakeasyVersion: 1.554.1
sources:
    FlowAI-OAS:
        sourceNamespace: flow-ai-oas
        sourceRevisionDigest: sha256:ffa172be799e8793527e83d6aa99cb65627d148ac973138d845aa4a4721e0275
        sourceBlobDigest: sha256:d011ce551b1a9bd61451a1dd330d5eb14acd1b3b4b585780906dc896e49a9464
        tags:
            - latest
            - 0.1.0
targets:
    flow-ai:
        source: FlowAI-OAS
        sourceNamespace: flow-ai-oas
        sourceRevisionDigest: sha256:ffa172be799e8793527e83d6aa99cb65627d148ac973138d845aa4a4721e0275
        sourceBlobDigest: sha256:d011ce551b1a9bd61451a1dd330d5eb14acd1b3b4b585780906dc896e49a9464
        codeSamplesNamespace: flow-ai-oas-go-code-samples
        codeSamplesRevisionDigest: sha256:c4f9f16d8e0459390c23ab3c28ed700e35b1d84888cdf99f88562c8e6aaa570e
workflow:
    workflowVersion: 1.0.0
    speakeasyVersion: latest
    sources:
        FlowAI-OAS:
            inputs:
                - location: registry.speakeasyapi.dev/flow-ai/main/server:main
            overlays:
                - location: .speakeasy/speakeasy-modifications-overlay.yaml
            registry:
                location: registry.speakeasyapi.dev/flow-ai/main/flow-ai-oas
    targets:
        flow-ai:
            target: go
            source: FlowAI-OAS
            codeSamples:
                registry:
                    location: registry.speakeasyapi.dev/flow-ai/main/flow-ai-oas-go-code-samples
                labelOverride:
                    fixedValue: Go (SDK)
                blocking: false
